
Microsoft Visual Studio Solution File, Format Version 12.00
# Visual Studio Version 16
VisualStudioVersion = 16.0.32413.511
MinimumVisualStudioVersion = 10.0.40219.1
Project("{FAE04EC0-301F-11D3-BF4B-00C04F79EFBC}") = "ToolsPC", "ToolsPC\ToolsPC.csproj", "{516A1E57-BAF7-4311-A4B6-CBEC2B92C901}"
EndProject
Project("{FAE04EC0-301F-11D3-BF4B-00C04F79EFBC}") = "MoveMouseService", "MoveMouseService\MoveMouseService.csproj", "{6DB341C0-FBCA-4135-BCD9-975689B6B632}"
EndProject
Global
	GlobalSection(SolutionConfigurationPlatforms) = preSolution
		Debug|Any CPU = Debug|Any CPU
		Release|Any CPU = Release|Any CPU
	EndGlobalSection
	GlobalSection(ProjectConfigurationPlatforms) = postSolution
		{516A1E57-BAF7-4311-A4B6-CBEC2B92C901}.Debug|Any CPU.ActiveCfg = Debug|Any CPU
		{516A1E57-BAF7-4311-A4B6-CBEC2B92C901}.Debug|Any CPU.Build.0 = Debug|Any CPU
		{516A1E57-BAF7-4311-A4B6-CBEC2B92C901}.Release|Any CPU.ActiveCfg = Release|Any CPU
		{516A1E57-BAF7-4311-A4B6-CBEC2B92C901}.Release|Any CPU.Build.0 = Release|Any CPU
		{6DB341C0-FBCA-4135-BCD9-975689B6B632}.Debug|Any CPU.ActiveCfg = Debug|Any CPU
		{6DB341C0-FBCA-4135-BCD9-975689B6B632}.Debug|Any CPU.Build.0 = Debug|Any CPU
		{6DB341C0-FBCA-4135-BCD9-975689B6B632}.Release|Any CPU.ActiveCfg = Release|Any CPU
		{6DB341C0-FBCA-4135-BCD9-975689B6B632}.Release|Any CPU.Build.0 = Release|Any CPU
	EndGlobalSection
	GlobalSection(SolutionProperties) = preSolution
		HideSolutionNode = FALSE
	EndGlobalSection
	GlobalSection(ExtensibilityGlobals) = postSolution
		SolutionGuid = {D432C71E-134A-486E-A5F6-EA6488816B8E}
	EndGlobalSection
EndGlobal
